
Microsoft Visual Studio Solution File, Format Version 12.00
# Visual Studio 15
VisualStudioVersion = 15.0.28307.421
MinimumVisualStudioVersion = 10.0.40219.1
Project("{8BC9CEB8-8B4A-11D0-8D11-00A0C91BC942}") = "task8vs", "task8vs.vcxproj", "{15F5D877-E5D7-4238-A28B-AB6AC40C40CB}"
EndProject
Global
	GlobalSection(SolutionConfigurationPlatforms) = preSolution
		Debug|x64 = Debug|x64
		Debug|x86 = Debug|x86
		Release|x64 = Release|x64
		Release|x86 = Release|x86
	EndGlobalSection
	GlobalSection(ProjectConfigurationPlatforms) = postSolution
		{15F5D877-E5D7-4238-A28B-AB6AC40C40CB}.Debug|x64.ActiveCfg = Debug|x64
		{15F5D877-E5D7-4238-A28B-AB6AC40C40CB}.Debug|x64.Build.0 = Debug|x64
		{15F5D877-E5D7-4238-A28B-AB6AC40C40CB}.Debug|x86.ActiveCfg = Debug|Win32
		{15F5D877-E5D7-4238-A28B-AB6AC40C40CB}.Debug|x86.Build.0 = Debug|Win32
		{15F5D877-E5D7-4238-A28B-AB6AC40C40CB}.Release|x64.ActiveCfg = Release|x64
		{15F5D877-E5D7-4238-A28B-AB6AC40C40CB}.Release|x64.Build.0 = Release|x64
		{15F5D877-E5D7-4238-A28B-AB6AC40C40CB}.Release|x86.ActiveCfg = Release|Win32
		{15F5D877-E5D7-4238-A28B-AB6AC40C40CB}.Release|x86.Build.0 = Release|Win32
	EndGlobalSection
	GlobalSection(SolutionProperties) = preSolution
		HideSolutionNode = FALSE
	EndGlobalSection
	GlobalSection(ExtensibilityGlobals) = postSolution
		SolutionGuid = {68F6EBBD-C04D-4451-9A78-8AF078BF430B}
	EndGlobalSection
EndGlobal
